<?xml version="1.0" encoding="utf-8"?>
<Project ToolsVersion="4.0" xmlns="http://schemas.microsoft.com/developer/msbuild/2003">
  <ItemGroup>
    <Filter Include="Source Files">
      <UniqueIdentifier>{4FC737F1-C7A5-4376-A066-2A32D752A2FF}</UniqueIdentifier>
      <Extensions>cpp;c;cc;cxx;c++;cppm;ixx;def;odl;idl;hpj;bat;asm;asmx</Extensions>
    </Filter>
    <Filter Include="Header Files">
      <UniqueIdentifier>{93995380-89BD-4b04-88EB-625FBE52EBFB}</UniqueIdentifier>
      <Extensions>h;hh;hpp;hxx;h++;hm;inl;inc;ipp;xsd</Extensions>
    </Filter>
    <Filter Include="Resource Files">
      <UniqueIdentifier>{67DA6AB6-F800-4c08-8B7A-83BB121AAD01}</UniqueIdentifier>
      <Extensions>rc;ico;cur;bmp;dlg;rc2;rct;bin;rgs;gif;jpg;jpeg;jpe;resx;tiff;tif;png;wav;mfcribbon-ms</Extensions>
    </Filter>
  </ItemGroup>
  <ItemGroup>
    <ClInclude Include="GUI/AddGoal/include/AddGoal.h">
      <Filter>Header Files</Filter>
    </ClInclude>
    <ClInclude Include="GUI/Components/WGM_Button/include/WGM_Button.h">
      <Filter>Header Files</Filter>
    </ClInclude>
    <ClInclude Include="Constants/include/Constants.h">
      <Filter>Header Files</Filter>
    </ClInclude>
    <ClInclude Include="Driver/WGM_App/include/WGM_App.h">
      <Filter>Header Files</Filter>
    </ClInclude>
    <ClInclude Include="GUI/Components/WGM_Goal_Button/include/WGM_Goal_Button.h">
      <Filter>Header Files</Filter>
    </ClInclude>
    <ClInclude Include="GUI/Components/WGM_TextCtrl/include/WGM_TextCtrl.h">
      <Filter>Header Files</Filter>
    </ClInclude>
    <ClInclude Include="GUI/Components/WGM_StaticText/include/WGM_StaticText.h">
      <Filter>Header Files</Filter>
    </ClInclude>
    <ClInclude Include="Driver/WGM_Driver/include/WGM_Driver.h">
      <Filter>Header Files</Filter>
    </ClInclude>
    <ClInclude Include="Driver/Goal/include/Goal.h">
      <Filter>Header Files</Filter>
    </ClInclude>
  </ItemGroup>
  <ItemGroup>
    <ClCompile Include="GUI/AddGoal/AddGoal.cpp">
      <Filter>Source Files</Filter>
    </ClCompile>
    <ClCompile Include="GUI/Components/WGM_Button/WGM_Button.cpp">
      <Filter>Source Files</Filter>
    </ClCompile>
    <ClCompile Include="Driver/WGM_App/WGM_App.cpp">
      <Filter>Source Files</Filter>
    </ClCompile>
    <ClCompile Include="GUI/Components/WGM_Goal_Button/WGM_Goal_Button.cpp">
      <Filter>Source Files</Filter>
    </ClCompile>
    <ClCompile Include="GUI/Components/WGM_TextCtrl/WGM_TextCtrl.cpp">
      <Filter>Source Files</Filter>
    </ClCompile>
    <ClCompile Include="GUI/Components/WGM_StaticText/WGM_StaticText.cpp">
      <Filter>Source Files</Filter>
    </ClCompile>
    <ClCompile Include="Driver/WGM_Driver/WGM_Driver.cpp">
      <Filter>Source Files</Filter>
    </ClCompile>
    <ClCompile Include="Driver/Goal/Goal.cpp">
      <Filter>Source Files</Filter>
    </ClCompile>
  </ItemGroup>
</Project>